
Microsoft Visual Studio Solution File, Format Version 12.00
# Visual Studio 15
VisualStudioVersion = 15.0.28307.539
MinimumVisualStudioVersion = 10.0.40219.1
Project("{FAE04EC0-301F-11D3-BF4B-00C04F79EFBC}") = "Agent", "Agent\Agent.csproj", "{1A4EF064-8CCD-4752-853D-9E816931E741}"
EndProject
Project("{FAE04EC0-301F-11D3-BF4B-00C04F79EFBC}") = "Entities", "Entities\Entities.csproj", "{52D370D1-2F12-4C53-A774-FA3087BD6BD8}"
EndProject
Project("{FAE04EC0-301F-11D3-BF4B-00C04F79EFBC}") = "Database", "Database\Database.csproj", "{68D6DF46-8952-4DFB-BCCA-0E1003436771}"
EndProject
Project("{FAE04EC0-301F-11D3-BF4B-00C04F79EFBC}") = "DataAccess", "DataAccess\DataAccess.csproj", "{E379CA41-A72A-4B02-9D20-948A3D17DD91}"
EndProject
Project("{FAE04EC0-301F-11D3-BF4B-00C04F79EFBC}") = "UpdateAgent", "UpdateAgent\UpdateAgent.csproj", "{7EFD4AA4-7D2E-4890-8BEB-631799A7BF6B}"
EndProject
Project("{FAE04EC0-301F-11D3-BF4B-00C04F79EFBC}") = "Common", "Common\Common.csproj", "{BEA62C13-BEA0-4A91-8BB8-A8DE9BC4ADB7}"
EndProject
Project("{FAE04EC0-301F-11D3-BF4B-00C04F79EFBC}") = "WebApi", "WebApi\WebApi.csproj", "{40A26AB4-1645-40FA-A0B3-97E480E42CEA}"
EndProject
Project("{FAE04EC0-301F-11D3-BF4B-00C04F79EFBC}") = "SipWrapper", "..\SipWrapper\SipWrapper.csproj", "{9BC89DE3-E2E2-4F7A-A5D2-C7D5F321935D}"
EndProject
Global
	GlobalSection(SolutionConfigurationPlatforms) = preSolution
		Debug|Any CPU = Debug|Any CPU
		Release|Any CPU = Release|Any CPU
	EndGlobalSection
	GlobalSection(ProjectConfigurationPlatforms) = postSolution
		{1A4EF064-8CCD-4752-853D-9E816931E741}.Debug|Any CPU.ActiveCfg = Debug|Any CPU
		{1A4EF064-8CCD-4752-853D-9E816931E741}.Debug|Any CPU.Build.0 = Debug|Any CPU
		{1A4EF064-8CCD-4752-853D-9E816931E741}.Release|Any CPU.ActiveCfg = Release|Any CPU
		{1A4EF064-8CCD-4752-853D-9E816931E741}.Release|Any CPU.Build.0 = Release|Any CPU
		{52D370D1-2F12-4C53-A774-FA3087BD6BD8}.Debug|Any CPU.ActiveCfg = Debug|Any CPU
		{52D370D1-2F12-4C53-A774-FA3087BD6BD8}.Debug|Any CPU.Build.0 = Debug|Any CPU
		{52D370D1-2F12-4C53-A774-FA3087BD6BD8}.Release|Any CPU.ActiveCfg = Release|Any CPU
		{52D370D1-2F12-4C53-A774-FA3087BD6BD8}.Release|Any CPU.Build.0 = Release|Any CPU
		{68D6DF46-8952-4DFB-BCCA-0E1003436771}.Debug|Any CPU.ActiveCfg = Debug|Any CPU
		{68D6DF46-8952-4DFB-BCCA-0E1003436771}.Debug|Any CPU.Build.0 = Debug|Any CPU
		{68D6DF46-8952-4DFB-BCCA-0E1003436771}.Release|Any CPU.ActiveCfg = Release|Any CPU
		{68D6DF46-8952-4DFB-BCCA-0E1003436771}.Release|Any CPU.Build.0 = Release|Any CPU
		{E379CA41-A72A-4B02-9D20-948A3D17DD91}.Debug|Any CPU.ActiveCfg = Debug|Any CPU
		{E379CA41-A72A-4B02-9D20-948A3D17DD91}.Debug|Any CPU.Build.0 = Debug|Any CPU
		{E379CA41-A72A-4B02-9D20-948A3D17DD91}.Release|Any CPU.ActiveCfg = Release|Any CPU
		{E379CA41-A72A-4B02-9D20-948A3D17DD91}.Release|Any CPU.Build.0 = Release|Any CPU
		{7EFD4AA4-7D2E-4890-8BEB-631799A7BF6B}.Debug|Any CPU.ActiveCfg = Debug|Any CPU
		{7EFD4AA4-7D2E-4890-8BEB-631799A7BF6B}.Debug|Any CPU.Build.0 = Debug|Any CPU
		{7EFD4AA4-7D2E-4890-8BEB-631799A7BF6B}.Release|Any CPU.ActiveCfg = Release|Any CPU
		{7EFD4AA4-7D2E-4890-8BEB-631799A7BF6B}.Release|Any CPU.Build.0 = Release|Any CPU
		{BEA62C13-BEA0-4A91-8BB8-A8DE9BC4ADB7}.Debug|Any CPU.ActiveCfg = Debug|Any CPU
		{BEA62C13-BEA0-4A91-8BB8-A8DE9BC4ADB7}.Debug|Any CPU.Build.0 = Debug|Any CPU
		{BEA62C13-BEA0-4A91-8BB8-A8DE9BC4ADB7}.Release|Any CPU.ActiveCfg = Release|Any CPU
		{BEA62C13-BEA0-4A91-8BB8-A8DE9BC4ADB7}.Release|Any CPU.Build.0 = Release|Any CPU
		{40A26AB4-1645-40FA-A0B3-97E480E42CEA}.Debug|Any CPU.ActiveCfg = Debug|Any CPU
		{40A26AB4-1645-40FA-A0B3-97E480E42CEA}.Debug|Any CPU.Build.0 = Debug|Any CPU
		{40A26AB4-1645-40FA-A0B3-97E480E42CEA}.Release|Any CPU.ActiveCfg = Release|Any CPU
		{40A26AB4-1645-40FA-A0B3-97E480E42CEA}.Release|Any CPU.Build.0 = Release|Any CPU
		{9BC89DE3-E2E2-4F7A-A5D2-C7D5F321935D}.Debug|Any CPU.ActiveCfg = Debug|Any CPU
		{9BC89DE3-E2E2-4F7A-A5D2-C7D5F321935D}.Debug|Any CPU.Build.0 = Debug|Any CPU
		{9BC89DE3-E2E2-4F7A-A5D2-C7D5F321935D}.Release|Any CPU.ActiveCfg = Release|Any CPU
		{9BC89DE3-E2E2-4F7A-A5D2-C7D5F321935D}.Release|Any CPU.Build.0 = Release|Any CPU
	EndGlobalSection
	GlobalSection(SolutionProperties) = preSolution
		HideSolutionNode = FALSE
	EndGlobalSection
	GlobalSection(ExtensibilityGlobals) = postSolution
		SolutionGuid = {CFA0B01D-2D4E-4B73-AA2A-12C900C26395}
	EndGlobalSection
EndGlobal
