
Microsoft Visual Studio Solution File, Format Version 12.00
# Visual Studio 15
VisualStudioVersion = 15.0.28307.539
MinimumVisualStudioVersion = 10.0.40219.1
Project("{FAE04EC0-301F-11D3-BF4B-00C04F79EFBC}") = "Agent", "Agent\Agent.csproj", "{1A4EF064-8CCD-4752-853D-9E816931E741}"
EndProject
Project("{FAE04EC0-301F-11D3-BF4B-00C04F79EFBC}") = "DataAccess", "DataAccess\DataAccess.csproj", "{68D6DF46-8952-4DFB-BCCA-0E1003436771}"
EndProject
Project("{FAE04EC0-301F-11D3-BF4B-00C04F79EFBC}") = "Entities", "Entities\Entities.csproj", "{52D370D1-2F12-4C53-A774-FA3087BD6BD8}"
EndProject
Global
	GlobalSection(SolutionConfigurationPlatforms) = preSolution
		Debug|Any CPU = Debug|Any CPU
		Release|Any CPU = Release|Any CPU
	EndGlobalSection
	GlobalSection(ProjectConfigurationPlatforms) = postSolution
		{1A4EF064-8CCD-4752-853D-9E816931E741}.Debug|Any CPU.ActiveCfg = Debug|Any CPU
		{1A4EF064-8CCD-4752-853D-9E816931E741}.Debug|Any CPU.Build.0 = Debug|Any CPU
		{1A4EF064-8CCD-4752-853D-9E816931E741}.Release|Any CPU.ActiveCfg = Release|Any CPU
		{1A4EF064-8CCD-4752-853D-9E816931E741}.Release|Any CPU.Build.0 = Release|Any CPU
		{68D6DF46-8952-4DFB-BCCA-0E1003436771}.Debug|Any CPU.ActiveCfg = Debug|Any CPU
		{68D6DF46-8952-4DFB-BCCA-0E1003436771}.Debug|Any CPU.Build.0 = Debug|Any CPU
		{68D6DF46-8952-4DFB-BCCA-0E1003436771}.Release|Any CPU.ActiveCfg = Release|Any CPU
		{68D6DF46-8952-4DFB-BCCA-0E1003436771}.Release|Any CPU.Build.0 = Release|Any CPU
		{52D370D1-2F12-4C53-A774-FA3087BD6BD8}.Debug|Any CPU.ActiveCfg = Debug|Any CPU
		{52D370D1-2F12-4C53-A774-FA3087BD6BD8}.Debug|Any CPU.Build.0 = Debug|Any CPU
		{52D370D1-2F12-4C53-A774-FA3087BD6BD8}.Release|Any CPU.ActiveCfg = Release|Any CPU
		{52D370D1-2F12-4C53-A774-FA3087BD6BD8}.Release|Any CPU.Build.0 = Release|Any CPU
	EndGlobalSection
	GlobalSection(SolutionProperties) = preSolution
		HideSolutionNode = FALSE
	EndGlobalSection
	GlobalSection(ExtensibilityGlobals) = postSolution
		SolutionGuid = {CFA0B01D-2D4E-4B73-AA2A-12C900C26395}
	EndGlobalSection
EndGlobal
